<?xml version="1.0" encoding="UTF-8" standalone="yes" ?>
<CodeBlocks_project_file>
	<FileVersion major="1" minor="6" />
	<Project>
		<Option title="Sample" />
		<Option pch_mode="2" />
		<Option compiler="gcc" />
		<Build>
			<Target title="Debug">
				<Option output="Sample" prefix_auto="1" extension_auto="1" />
				<Option object_output="obj/Debug/" />
				<Option type="1" />
				<Option compiler="gcc" />
				<Compiler>
					<Add option="-g" />
				</Compiler>
			</Target>
			<Target title="Release">
				<Option output="Sample" prefix_auto="1" extension_auto="1" />
				<Option object_output="obj/Release/" />
				<Option type="1" />
				<Option compiler="gcc" />
				<Compiler>
					<Add option="-O2" />
				</Compiler>
				<Linker>
					<Add option="-s" />
				</Linker>
			</Target>
		</Build>
		<Compiler>
			<Add option="-Wall" />
		</Compiler>
		<Unit filename="../../code/BitMapUtils.c">
			<Option compilerVar="CC" />
		</Unit>
		<Unit filename="../../code/BitMapUtils.h" />
		<Unit filename="../../code/GraphicFiles.c">
			<Option compilerVar="CC" />
		</Unit>
		<Unit filename="../../code/GraphicFiles.h" />
		<Unit filename="../../code/Graphics.c">
			<Option compilerVar="CC" />
		</Unit>
		<Unit filename="../../code/Graphics.h" />
		<Unit filename="../../code/IntMath.c">
			<Option compilerVar="CC" />
		</Unit>
		<Unit filename="../../code/IntMath.h" />
		<Unit filename="../Shared/GlobalInput.c">
			<Option compilerVar="CC" />
		</Unit>
		<Unit filename="../Shared/GlobalInput.h" />
		<Unit filename="../Shared/SysUtils.h" />
		<Unit filename="../Shared/SysUtilsWin32.c">
			<Option compilerVar="CC" />
		</Unit>
		<Unit filename="../Shared/SysUtilsWin32.h" />
		<Unit filename="main.c">
			<Option compilerVar="CC" />
		</Unit>
		<Extensions>
			<code_completion />
			<envvars />
			<debugger />
			<lib_finder disable_auto="1" />
		</Extensions>
	</Project>
</CodeBlocks_project_file>
